void advanced_search()
{
    char keyword[MAX_KEYWORD];
    int foundit = 0;
    const char *months[] =
    {
        "January", "February", "March", "April", "May", "June",
        "July", "August", "September", "October", "November", "December"
    };


    printf("Enter keyword to search in Name: ");
    fgets(keyword,sizeof(keyword),stdin);
    keyword[strcspn(keyword, "\n")]='\0';

    for (int i = 0; keyword[i]; i++)
        keyword[i] = tolower(keyword[i]);  // lowercase keyword

    printf("\nSearch Results:\n");
    printf("----------------\n");

    for (int i = 0; i < accCounter; i++)
    {
        char nameLower[MAX_BUFFER];
        strcpy(nameLower, acc[i].name);

        for (int j = 0; nameLower[j]; j++)
            nameLower[j] = tolower(nameLower[j]);  // lowercase the name

        char *token = strtok(nameLower, " ");
        while (token != NULL)
        {
            if (strstr(token, keyword) != NULL)
            {
                printf("Account Number: %s\n", acc[i].accountNumber);
                printf("Name          : %s\n", acc[i].name);
                printf("E-mail        : %s\n", acc[i].email);
                printf("Balance       : %.2f $\n", acc[i].balance);
                printf("Mobile        : %s\n", acc[i].mobile);
                printf("Date Opened   : %s %d\n",months[acc[i].open.month - 1],acc[i].open.year);
                char status_print[20];
                strcpy(status_print, acc[i].status);

                for (int j = 0; status_print[j]; j++)
                    status_print[j] = tolower(status_print[j]);

                status_print[0] = toupper(status_print[0]);

                printf("Status        : %s\n", status_print);
                printf("----------------\n");
                foundit = 1;
                break;
            }
            token = strtok(NULL, " ");
        }
    }

    if (!foundit)
        printf("No matches are found.\n");
}

